// !$*UTF8*$!
{
	archiveVersion = 1;
	classes = {
	};
	objectVersion = 55;
	objects = {

/* Begin PBXBuildFile section */
		BA87BE65281EC515001C0533 /* HelloTriangleApplication.cpp in Sources */ = {isa = PBXBuildFile; fileRef = BA87BE64281EC515001C0533 /* HelloTriangleApplication.cpp */; };
		BAE4A4B727D10CB9005FC206 /* main.cpp in Sources */ = {isa = PBXBuildFile; fileRef = BAE4A4B627D10CB9005FC206 /* main.cpp */; };
		BAE4A4C127D255FD005FC206 /* libglfw.3.4.dylib in Frameworks */ = {isa = PBXBuildFile; fileRef = BAE4A4C027D255FD005FC206 /* libglfw.3.4.dylib */; };
		BAE4A4C827D2E5C2005FC206 /* libvulkan.1.3.204.dylib in Frameworks */ = {isa = PBXBuildFile; fileRef = BAE4A4C727D2E5C2005FC206 /* libvulkan.1.3.204.dylib */; };
		BAE4A4CA27D2E5CA005FC206 /* libvulkan.dylib in Frameworks */ = {isa = PBXBuildFile; fileRef = BAE4A4C927D2E5CA005FC206 /* libvulkan.dylib */; };
		BAE4A4CC27D2E602005FC206 /* libvulkan.1.3.204.dylib in CopyFiles */ = {isa = PBXBuildFile; fileRef = BAE4A4C727D2E5C2005FC206 /* libvulkan.1.3.204.dylib */; settings = {ATTRIBUTES = (CodeSignOnCopy, ); }; };
/* End PBXBuildFile section */

/* Begin PBXCopyFilesBuildPhase section */
		BAE4A4B127D10CB9005FC206 /* CopyFiles */ = {
			isa = PBXCopyFilesBuildPhase;
			buildActionMask = 12;
			dstPath = usr/share/man/man1;
			dstSubfolderSpec = 10;
			files = (
				BAE4A4CC27D2E602005FC206 /* libvulkan.1.3.204.dylib in CopyFiles */,
			);
			runOnlyForDeploymentPostprocessing = 0;
		};
/* End PBXCopyFilesBuildPhase section */

/* Begin PBXFileReference section */
		BA87BE63281E9C5D001C0533 /* HelloTriangleApplication.h */ = {isa = PBXFileReference; lastKnownFileType = sourcecode.c.h; path = HelloTriangleApplication.h; sourceTree = "<group>"; };
		BA87BE64281EC515001C0533 /* HelloTriangleApplication.cpp */ = {isa = PBXFileReference; lastKnownFileType = sourcecode.cpp.cpp; path = HelloTriangleApplication.cpp; sourceTree = "<group>"; };
		BA87BE6C2820D5D5001C0533 /* shader_vert.spv */ = {isa = PBXFileReference; lastKnownFileType = file; path = shader_vert.spv; sourceTree = "<group>"; };
		BA87BE6D2820D5D5001C0533 /* compile.sh */ = {isa = PBXFileReference; fileEncoding = 4; lastKnownFileType = text.script.sh; path = compile.sh; sourceTree = "<group>"; };
		BA87BE6E2820D5D5001C0533 /* shader_frag.spv */ = {isa = PBXFileReference; lastKnownFileType = file; path = shader_frag.spv; sourceTree = "<group>"; };
		BAE4A4B327D10CB9005FC206 /* vulkentest */ = {isa = PBXFileReference; explicitFileType = "compiled.mach-o.executable"; includeInIndex = 0; path = vulkentest; sourceTree = BUILT_PRODUCTS_DIR; };
		BAE4A4B627D10CB9005FC206 /* main.cpp */ = {isa = PBXFileReference; lastKnownFileType = sourcecode.cpp.cpp; path = main.cpp; sourceTree = "<group>"; };
		BAE4A4BE27D2558D005FC206 /* libvulkan.dylib */ = {isa = PBXFileReference; lastKnownFileType = "compiled.mach-o.dylib"; name = libvulkan.dylib; path = ../../../../../usr/local/lib/libvulkan.dylib; sourceTree = "<group>"; };
		BAE4A4C027D255FD005FC206 /* libglfw.3.4.dylib */ = {isa = PBXFileReference; lastKnownFileType = "compiled.mach-o.dylib"; name = libglfw.3.4.dylib; path = ../../../../../opt/homebrew/lib/libglfw.3.4.dylib; sourceTree = "<group>"; };
		BAE4A4C227D25611005FC206 /* libvulkan.1.3.204.dylib */ = {isa = PBXFileReference; lastKnownFileType = "compiled.mach-o.dylib"; name = libvulkan.1.3.204.dylib; path = ../../../../../usr/local/lib/libvulkan.1.3.204.dylib; sourceTree = "<group>"; };
		BAE4A4C727D2E5C2005FC206 /* libvulkan.1.3.204.dylib */ = {isa = PBXFileReference; lastKnownFileType = "compiled.mach-o.dylib"; name = libvulkan.1.3.204.dylib; path = ../../../VulkanSDK/1.3.204.1/macOS/lib/libvulkan.1.3.204.dylib; sourceTree = "<group>"; };
		BAE4A4C927D2E5CA005FC206 /* libvulkan.dylib */ = {isa = PBXFileReference; lastKnownFileType = "compiled.mach-o.dylib"; name = libvulkan.dylib; path = ../../../VulkanSDK/1.3.204.1/macOS/lib/libvulkan.dylib; sourceTree = "<group>"; };
/* End PBXFileReference section */

/* Begin PBXFrameworksBuildPhase section */
		BAE4A4B027D10CB9005FC206 /* Frameworks */ = {
			isa = PBXFrameworksBuildPhase;
			buildActionMask = 2147483647;
			files = (
				BAE4A4C127D255FD005FC206 /* libglfw.3.4.dylib in Frameworks */,
				BAE4A4C827D2E5C2005FC206 /* libvulkan.1.3.204.dylib in Frameworks */,
				BAE4A4CA27D2E5CA005FC206 /* libvulkan.dylib in Frameworks */,
			);
			runOnlyForDeploymentPostprocessing = 0;
		};
/* End PBXFrameworksBuildPhase section */

/* Begin PBXGroup section */
		BAE4A4AA27D10CB9005FC206 = {
			isa = PBXGroup;
			children = (
				BAE4A4B527D10CB9005FC206 /* vulkentest */,
				BAE4A4B427D10CB9005FC206 /* Products */,
				BAE4A4BD27D2558D005FC206 /* Frameworks */,
			);
			sourceTree = "<group>";
		};
		BAE4A4B427D10CB9005FC206 /* Products */ = {
			isa = PBXGroup;
			children = (
				BAE4A4B327D10CB9005FC206 /* vulkentest */,
			);
			name = Products;
			sourceTree = "<group>";
		};
		BAE4A4B527D10CB9005FC206 /* vulkentest */ = {
			isa = PBXGroup;
			children = (
				BA87BE6D2820D5D5001C0533 /* compile.sh */,
				BA87BE6E2820D5D5001C0533 /* shader_frag.spv */,
				BA87BE6C2820D5D5001C0533 /* shader_vert.spv */,
				BAE4A4B627D10CB9005FC206 /* main.cpp */,
				BA87BE63281E9C5D001C0533 /* HelloTriangleApplication.h */,
				BA87BE64281EC515001C0533 /* HelloTriangleApplication.cpp */,
			);
			path = vulkentest;
			sourceTree = "<group>";
		};
		BAE4A4BD27D2558D005FC206 /* Frameworks */ = {
			isa = PBXGroup;
			children = (
				BAE4A4C927D2E5CA005FC206 /* libvulkan.dylib */,
				BAE4A4C227D25611005FC206 /* libvulkan.1.3.204.dylib */,
				BAE4A4C727D2E5C2005FC206 /* libvulkan.1.3.204.dylib */,
				BAE4A4C027D255FD005FC206 /* libglfw.3.4.dylib */,
				BAE4A4BE27D2558D005FC206 /* libvulkan.dylib */,
			);
			name = Frameworks;
			sourceTree = "<group>";
		};
/* End PBXGroup section */

/* Begin PBXNativeTarget section */
		BAE4A4B227D10CB9005FC206 /* vulkentest */ = {
			isa = PBXNativeTarget;
			buildConfigurationList = BAE4A4BA27D10CB9005FC206 /* Build configuration list for PBXNativeTarget "vulkentest" */;
			buildPhases = (
				BAE4A4AF27D10CB9005FC206 /* Sources */,
				BAE4A4B027D10CB9005FC206 /* Frameworks */,
				BAE4A4B127D10CB9005FC206 /* CopyFiles */,
			);
			buildRules = (
			);
			dependencies = (
			);
			name = vulkentest;
			productName = vulkentest;
			productReference = BAE4A4B327D10CB9005FC206 /* vulkentest */;
			productType = "com.apple.product-type.tool";
		};
/* End PBXNativeTarget section */

/* Begin PBXProject section */
		BAE4A4AB27D10CB9005FC206 /* Project object */ = {
			isa = PBXProject;
			attributes = {
				BuildIndependentTargetsInParallel = 1;
				LastUpgradeCheck = 1320;
				TargetAttributes = {
					BAE4A4B227D10CB9005FC206 = {
						CreatedOnToolsVersion = 13.2.1;
					};
				};
			};
			buildConfigurationList = BAE4A4AE27D10CB9005FC206 /* Build configuration list for PBXProject "vulkentest" */;
			compatibilityVersion = "Xcode 13.0";
			developmentRegion = en;
			hasScannedForEncodings = 0;
			knownRegions = (
				en,
				Base,
			);
			mainGroup = BAE4A4AA27D10CB9005FC206;
			productRefGroup = BAE4A4B427D10CB9005FC206 /* Products */;
			projectDirPath = "";
			projectRoot = "";
			targets = (
				BAE4A4B227D10CB9005FC206 /* vulkentest */,
			);
		};
/* End PBXProject section */

/* Begin PBXSourcesBuildPhase section */
		BAE4A4AF27D10CB9005FC206 /* Sources */ = {
			isa = PBXSourcesBuildPhase;
			buildActionMask = 2147483647;
			files = (
				BAE4A4B727D10CB9005FC206 /* main.cpp in Sources */,
				BA87BE65281EC515001C0533 /* HelloTriangleApplication.cpp in Sources */,
			);
			runOnlyForDeploymentPostprocessing = 0;
		};
/* End PBXSourcesBuildPhase section */

/* Begin XCBuildConfiguration section */
		BAE4A4B827D10CB9005FC206 /* Debug */ = {
			isa = XCBuildConfiguration;
			buildSettings = {
				ALWAYS_SEARCH_USER_PATHS = NO;
				CLANG_ANALYZER_NONNULL = YES;
				CLANG_ANALYZER_NUMBER_OBJECT_CONVERSION = YES_AGGRESSIVE;
				CLANG_CXX_LANGUAGE_STANDARD = "gnu++17";
				CLANG_CXX_LIBRARY = "libc++";
				CLANG_ENABLE_MODULES = YES;
				CLANG_ENABLE_OBJC_ARC = YES;
				CLANG_ENABLE_OBJC_WEAK = YES;
				CLANG_WARN_BLOCK_CAPTURE_AUTORELEASING = YES;
				CLANG_WARN_BOOL_CONVERSION = YES;
				CLANG_WARN_COMMA = YES;
				CLANG_WARN_CONSTANT_CONVERSION = YES;
				CLANG_WARN_DEPRECATED_OBJC_IMPLEMENTATIONS = YES;
				CLANG_WARN_DIRECT_OBJC_ISA_USAGE = YES_ERROR;
				CLANG_WARN_DOCUMENTATION_COMMENTS = YES;
				CLANG_WARN_EMPTY_BODY = YES;
				CLANG_WARN_ENUM_CONVERSION = YES;
				CLANG_WARN_INFINITE_RECURSION = YES;
				CLANG_WARN_INT_CONVERSION = YES;
				CLANG_WARN_NON_LITERAL_NULL_CONVERSION = YES;
				CLANG_WARN_OBJC_IMPLICIT_RETAIN_SELF = YES;
				CLANG_WARN_OBJC_LITERAL_CONVERSION = YES;
				CLANG_WARN_OBJC_ROOT_CLASS = YES_ERROR;
				CLANG_WARN_QUOTED_INCLUDE_IN_FRAMEWORK_HEADER = YES;
				CLANG_WARN_RANGE_LOOP_ANALYSIS = YES;
				CLANG_WARN_STRICT_PROTOTYPES = YES;
				CLANG_WARN_SUSPICIOUS_MOVE = YES;
				CLANG_WARN_UNGUARDED_AVAILABILITY = YES_AGGRESSIVE;
				CLANG_WARN_UNREACHABLE_CODE = YES;
				CLANG_WARN__DUPLICATE_METHOD_MATCH = YES;
				COPY_PHASE_STRIP = NO;
				DEBUG_INFORMATION_FORMAT = dwarf;
				ENABLE_STRICT_OBJC_MSGSEND = YES;
				ENABLE_TESTABILITY = YES;
				GCC_C_LANGUAGE_STANDARD = gnu11;
				GCC_DYNAMIC_NO_PIC = NO;
				GCC_NO_COMMON_BLOCKS = YES;
				GCC_OPTIMIZATION_LEVEL = 0;
				GCC_PREPROCESSOR_DEFINITIONS = (
					"DEBUG=1",
					"$(inherited)",
				);
				GCC_WARN_64_TO_32_BIT_CONVERSION = YES;
				GCC_WARN_ABOUT_RETURN_TYPE = YES_ERROR;
				GCC_WARN_UNDECLARED_SELECTOR = YES;
				GCC_WARN_UNINITIALIZED_AUTOS = YES_AGGRESSIVE;
				GCC_WARN_UNUSED_FUNCTION = YES;
				GCC_WARN_UNUSED_VARIABLE = YES;
				MACOSX_DEPLOYMENT_TARGET = 12.1;
				MTL_ENABLE_DEBUG_INFO = INCLUDE_SOURCE;
				MTL_FAST_MATH = YES;
				ONLY_ACTIVE_ARCH = YES;
				SDKROOT = macosx;
			};
			name = Debug;
		};
		BAE4A4B927D10CB9005FC206 /* Release */ = {
			isa = XCBuildConfiguration;
			buildSettings = {
				ALWAYS_SEARCH_USER_PATHS = NO;
				CLANG_ANALYZER_NONNULL = YES;
				CLANG_ANALYZER_NUMBER_OBJECT_CONVERSION = YES_AGGRESSIVE;
				CLANG_CXX_LANGUAGE_STANDARD = "gnu++17";
				CLANG_CXX_LIBRARY = "libc++";
				CLANG_ENABLE_MODULES = YES;
				CLANG_ENABLE_OBJC_ARC = YES;
				CLANG_ENABLE_OBJC_WEAK = YES;
				CLANG_WARN_BLOCK_CAPTURE_AUTORELEASING = YES;
				CLANG_WARN_BOOL_CONVERSION = YES;
				CLANG_WARN_COMMA = YES;
				CLANG_WARN_CONSTANT_CONVERSION = YES;
				CLANG_WARN_DEPRECATED_OBJC_IMPLEMENTATIONS = YES;
				CLANG_WARN_DIRECT_OBJC_ISA_USAGE = YES_ERROR;
				CLANG_WARN_DOCUMENTATION_COMMENTS = YES;
				CLANG_WARN_EMPTY_BODY = YES;
				CLANG_WARN_ENUM_CONVERSION = YES;
				CLANG_WARN_INFINITE_RECURSION = YES;
				CLANG_WARN_INT_CONVERSION = YES;
				CLANG_WARN_NON_LITERAL_NULL_CONVERSION = YES;
				CLANG_WARN_OBJC_IMPLICIT_RETAIN_SELF = YES;
				CLANG_WARN_OBJC_LITERAL_CONVERSION = YES;
				CLANG_WARN_OBJC_ROOT_CLASS = YES_ERROR;
				CLANG_WARN_QUOTED_INCLUDE_IN_FRAMEWORK_HEADER = YES;
				CLANG_WARN_RANGE_LOOP_ANALYSIS = YES;
				CLANG_WARN_STRICT_PROTOTYPES = YES;
				CLANG_WARN_SUSPICIOUS_MOVE = YES;
				CLANG_WARN_UNGUARDED_AVAILABILITY = YES_AGGRESSIVE;
				CLANG_WARN_UNREACHABLE_CODE = YES;
				CLANG_WARN__DUPLICATE_METHOD_MATCH = YES;
				COPY_PHASE_STRIP = NO;
				DEBUG_INFORMATION_FORMAT = "dwarf-with-dsym";
				ENABLE_NS_ASSERTIONS = NO;
				ENABLE_STRICT_OBJC_MSGSEND = YES;
				GCC_C_LANGUAGE_STANDARD = gnu11;
				GCC_NO_COMMON_BLOCKS = YES;
				GCC_WARN_64_TO_32_BIT_CONVERSION = YES;
				GCC_WARN_ABOUT_RETURN_TYPE = YES_ERROR;
				GCC_WARN_UNDECLARED_SELECTOR = YES;
				GCC_WARN_UNINITIALIZED_AUTOS = YES_AGGRESSIVE;
				GCC_WARN_UNUSED_FUNCTION = YES;
				GCC_WARN_UNUSED_VARIABLE = YES;
				MACOSX_DEPLOYMENT_TARGET = 12.1;
				MTL_ENABLE_DEBUG_INFO = NO;
				MTL_FAST_MATH = YES;
				SDKROOT = macosx;
			};
			name = Release;
		};
		BAE4A4BB27D10CB9005FC206 /* Debug */ = {
			isa = XCBuildConfiguration;
			buildSettings = {
				CODE_SIGN_STYLE = Automatic;
				HEADER_SEARCH_PATHS = (
					/user/local/include,
					/Users/liyan/VulkanSDK/1.3.204.1/macOS/include,
					/opt/homebrew/include,
				);
				LIBRARY_SEARCH_PATHS = (
					/usr/local/lib/,
					/opt/homebrew/lib,
					/Users/liyan/VulkanSDK/1.3.204.1/macOS/lib,
				);
				PRODUCT_NAME = "$(TARGET_NAME)";
			};
			name = Debug;
		};
		BAE4A4BC27D10CB9005FC206 /* Release */ = {
			isa = XCBuildConfiguration;
			buildSettings = {
				CODE_SIGN_STYLE = Automatic;
				HEADER_SEARCH_PATHS = (
					/user/local/include,
					/Users/liyan/VulkanSDK/1.3.204.1/macOS/include,
					/opt/homebrew/include,
				);
				LIBRARY_SEARCH_PATHS = (
					/usr/local/lib/,
					/opt/homebrew/lib,
					/Users/liyan/VulkanSDK/1.3.204.1/macOS/lib,
				);
				PRODUCT_NAME = "$(TARGET_NAME)";
			};
			name = Release;
		};
/* End XCBuildConfiguration section */

/* Begin XCConfigurationList section */
		BAE4A4AE27D10CB9005FC206 /* Build configuration list for PBXProject "vulkentest" */ = {
			isa = XCConfigurationList;
			buildConfigurations = (
				BAE4A4B827D10CB9005FC206 /* Debug */,
				BAE4A4B927D10CB9005FC206 /* Release */,
			);
			defaultConfigurationIsVisible = 0;
			defaultConfigurationName = Release;
		};
		BAE4A4BA27D10CB9005FC206 /* Build configuration list for PBXNativeTarget "vulkentest" */ = {
			isa = XCConfigurationList;
			buildConfigurations = (
				BAE4A4BB27D10CB9005FC206 /* Debug */,
				BAE4A4BC27D10CB9005FC206 /* Release */,
			);
			defaultConfigurationIsVisible = 0;
			defaultConfigurationName = Release;
		};
/* End XCConfigurationList section */
	};
	rootObject = BAE4A4AB27D10CB9005FC206 /* Project object */;
}
